// !$*UTF8*$!
{
	archiveVersion = 1;
	classes = {
	};
	objectVersion = 77;
	objects = {

/* Begin PBXContainerItemProxy section */
		24BE1AF22DC9445500ACE702 /* PBXContainerItemProxy */ = {
			isa = PBXContainerItemProxy;
			containerPortal = 24BE1AD92DC9445400ACE702 /* Project object */;
			proxyType = 1;
			remoteGlobalIDString = 24BE1AE02DC9445400ACE702;
			remoteInfo = DailyBeatsV2;
		};
		24BE1AFC2DC9445500ACE702 /* PBXContainerItemProxy */ = {
			isa = PBXContainerItemProxy;
			containerPortal = 24BE1AD92DC9445400ACE702 /* Project object */;
			proxyType = 1;
			remoteGlobalIDString = 24BE1AE02DC9445400ACE702;
			remoteInfo = DailyBeatsV2;
		};
/* End PBXContainerItemProxy section */

/* Begin PBXFileReference section */
		24BE1AE12DC9445400ACE702 /* DailyBeatsV2.app */ = {isa = PBXFileReference; explicitFileType = wrapper.application; includeInIndex = 0; path = DailyBeatsV2.app; sourceTree = BUILT_PRODUCTS_DIR; };
		24BE1AF12DC9445500ACE702 /* DailyBeatsV2Tests.xctest */ = {isa = PBXFileReference; explicitFileType = wrapper.cfbundle; includeInIndex = 0; path = DailyBeatsV2Tests.xctest; sourceTree = BUILT_PRODUCTS_DIR; };
		24BE1AFB2DC9445500ACE702 /* DailyBeatsV2UITests.xctest */ = {isa = PBXFileReference; explicitFileType = wrapper.cfbundle; includeInIndex = 0; path = DailyBeatsV2UITests.xctest; sourceTree = BUILT_PRODUCTS_DIR; };
/* End PBXFileReference section */

/* Begin PBXFileSystemSynchronizedRootGroup section */
		24BE1AE32DC9445400ACE702 /* DailyBeatsV2 */ = {
			isa = PBXFileSystemSynchronizedRootGroup;
			path = DailyBeatsV2;
			sourceTree = "<group>";
		};
		24BE1AF42DC9445500ACE702 /* DailyBeatsV2Tests */ = {
			isa = PBXFileSystemSynchronizedRootGroup;
			path = DailyBeatsV2Tests;
			sourceTree = "<group>";
		};
		24BE1AFE2DC9445500ACE702 /* DailyBeatsV2UITests */ = {
			isa = PBXFileSystemSynchronizedRootGroup;
			path = DailyBeatsV2UITests;
			sourceTree = "<group>";
		};
/* End PBXFileSystemSynchronizedRootGroup section */

/* Begin PBXFrameworksBuildPhase section */
		24BE1ADE2DC9445400ACE702 /* Frameworks */ = {
			isa = PBXFrameworksBuildPhase;
			buildActionMask = 2147483647;
			files = (
			);
			runOnlyForDeploymentPostprocessing = 0;
		};
		24BE1AEE2DC9445500ACE702 /* Frameworks */ = {
			isa = PBXFrameworksBuildPhase;
			buildActionMask = 2147483647;
			files = (
			);
			runOnlyForDeploymentPostprocessing = 0;
		};
		24BE1AF82DC9445500ACE702 /* Frameworks */ = {
			isa = PBXFrameworksBuildPhase;
			buildActionMask = 2147483647;
			files = (
			);
			runOnlyForDeploymentPostprocessing = 0;
		};
/* End PBXFrameworksBuildPhase section */

/* Begin PBXGroup section */
		24BE1AD82DC9445400ACE702 = {
			isa = PBXGroup;
			children = (
				24BE1AE32DC9445400ACE702 /* DailyBeatsV2 */,
				24BE1AF42DC9445500ACE702 /* DailyBeatsV2Tests */,
				24BE1AFE2DC9445500ACE702 /* DailyBeatsV2UITests */,
				24BE1AE22DC9445400ACE702 /* Products */,
			);
			sourceTree = "<group>";
		};
		24BE1AE22DC9445400ACE702 /* Products */ = {
			isa = PBXGroup;
			children = (
				24BE1AE12DC9445400ACE702 /* DailyBeatsV2.app */,
				24BE1AF12DC9445500ACE702 /* DailyBeatsV2Tests.xctest */,
				24BE1AFB2DC9445500ACE702 /* DailyBeatsV2UITests.xctest */,
			);
			name = Products;
			sourceTree = "<group>";
		};
/* End PBXGroup section */

/* Begin PBXNativeTarget section */
		24BE1AE02DC9445400ACE702 /* DailyBeatsV2 */ = {
			isa = PBXNativeTarget;
			buildConfigurationList = 24BE1B052DC9445500ACE702 /* Build configuration list for PBXNativeTarget "DailyBeatsV2" */;
			buildPhases = (
				24BE1ADD2DC9445400ACE702 /* Sources */,
				24BE1ADE2DC9445400ACE702 /* Frameworks */,
				24BE1ADF2DC9445400ACE702 /* Resources */,
			);
			buildRules = (
			);
			dependencies = (
			);
			fileSystemSynchronizedGroups = (
				24BE1AE32DC9445400ACE702 /* DailyBeatsV2 */,
			);
			name = DailyBeatsV2;
			packageProductDependencies = (
			);
			productName = DailyBeatsV2;
			productReference = 24BE1AE12DC9445400ACE702 /* DailyBeatsV2.app */;
			productType = "com.apple.product-type.application";
		};
		24BE1AF02DC9445500ACE702 /* DailyBeatsV2Tests */ = {
			isa = PBXNativeTarget;
			buildConfigurationList = 24BE1B082DC9445500ACE702 /* Build configuration list for PBXNativeTarget "DailyBeatsV2Tests" */;
			buildPhases = (
				24BE1AED2DC9445500ACE702 /* Sources */,
				24BE1AEE2DC9445500ACE702 /* Frameworks */,
				24BE1AEF2DC9445500ACE702 /* Resources */,
			);
			buildRules = (
			);
			dependencies = (
				24BE1AF32DC9445500ACE702 /* PBXTargetDependency */,
			);
			fileSystemSynchronizedGroups = (
				24BE1AF42DC9445500ACE702 /* DailyBeatsV2Tests */,
			);
			name = DailyBeatsV2Tests;
			packageProductDependencies = (
			);
			productName = DailyBeatsV2Tests;
			productReference = 24BE1AF12DC9445500ACE702 /* DailyBeatsV2Tests.xctest */;
			productType = "com.apple.product-type.bundle.unit-test";
		};
		24BE1AFA2DC9445500ACE702 /* DailyBeatsV2UITests */ = {
			isa = PBXNativeTarget;
			buildConfigurationList = 24BE1B0B2DC9445500ACE702 /* Build configuration list for PBXNativeTarget "DailyBeatsV2UITests" */;
			buildPhases = (
				24BE1AF72DC9445500ACE702 /* Sources */,
				24BE1AF82DC9445500ACE702 /* Frameworks */,
				24BE1AF92DC9445500ACE702 /* Resources */,
			);
			buildRules = (
			);
			dependencies = (
				24BE1AFD2DC9445500ACE702 /* PBXTargetDependency */,
			);
			fileSystemSynchronizedGroups = (
				24BE1AFE2DC9445500ACE702 /* DailyBeatsV2UITests */,
			);
			name = DailyBeatsV2UITests;
			packageProductDependencies = (
			);
			productName = DailyBeatsV2UITests;
			productReference = 24BE1AFB2DC9445500ACE702 /* DailyBeatsV2UITests.xctest */;
			productType = "com.apple.product-type.bundle.ui-testing";
		};
/* End PBXNativeTarget section */

/* Begin PBXProject section */
		24BE1AD92DC9445400ACE702 /* Project object */ = {
			isa = PBXProject;
			attributes = {
				BuildIndependentTargetsInParallel = 1;
				LastSwiftUpdateCheck = 1620;
				LastUpgradeCheck = 1620;
				TargetAttributes = {
					24BE1AE02DC9445400ACE702 = {
						CreatedOnToolsVersion = 16.2;
					};
					24BE1AF02DC9445500ACE702 = {
						CreatedOnToolsVersion = 16.2;
						TestTargetID = 24BE1AE02DC9445400ACE702;
					};
					24BE1AFA2DC9445500ACE702 = {
						CreatedOnToolsVersion = 16.2;
						TestTargetID = 24BE1AE02DC9445400ACE702;
					};
				};
			};
			buildConfigurationList = 24BE1ADC2DC9445400ACE702 /* Build configuration list for PBXProject "DailyBeatsV2" */;
			developmentRegion = en;
			hasScannedForEncodings = 0;
			knownRegions = (
				en,
				Base,
			);
			mainGroup = 24BE1AD82DC9445400ACE702;
			minimizedProjectReferenceProxies = 1;
			preferredProjectObjectVersion = 77;
			productRefGroup = 24BE1AE22DC9445400ACE702 /* Products */;
			projectDirPath = "";
			projectRoot = "";
			targets = (
				24BE1AE02DC9445400ACE702 /* DailyBeatsV2 */,
				24BE1AF02DC9445500ACE702 /* DailyBeatsV2Tests */,
				24BE1AFA2DC9445500ACE702 /* DailyBeatsV2UITests */,
			);
		};
/* End PBXProject section */

/* Begin PBXResourcesBuildPhase section */
		24BE1ADF2DC9445400ACE702 /* Resources */ = {
			isa = PBXResourcesBuildPhase;
			buildActionMask = 2147483647;
			files = (
			);
			runOnlyForDeploymentPostprocessing = 0;
		};
		24BE1AEF2DC9445500ACE702 /* Resources */ = {
			isa = PBXResourcesBuildPhase;
			buildActionMask = 2147483647;
			files = (
			);
			runOnlyForDeploymentPostprocessing = 0;
		};
		24BE1AF92DC9445500ACE702 /* Resources */ = {
			isa = PBXResourcesBuildPhase;
			buildActionMask = 2147483647;
			files = (
			);
			runOnlyForDeploymentPostprocessing = 0;
		};
/* End PBXResourcesBuildPhase section */

/* Begin PBXSourcesBuildPhase section */
		24BE1ADD2DC9445400ACE702 /* Sources */ = {
			isa = PBXSourcesBuildPhase;
			buildActionMask = 2147483647;
			files = (
			);
			runOnlyForDeploymentPostprocessing = 0;
		};
		24BE1AED2DC9445500ACE702 /* Sources */ = {
			isa = PBXSourcesBuildPhase;
			buildActionMask = 2147483647;
			files = (
			);
			runOnlyForDeploymentPostprocessing = 0;
		};
		24BE1AF72DC9445500ACE702 /* Sources */ = {
			isa = PBXSourcesBuildPhase;
			buildActionMask = 2147483647;
			files = (
			);
			runOnlyForDeploymentPostprocessing = 0;
		};
/* End PBXSourcesBuildPhase section */

/* Begin PBXTargetDependency section */
		24BE1AF32DC9445500ACE702 /* PBXTargetDependency */ = {
			isa = PBXTargetDependency;
			target = 24BE1AE02DC9445400ACE702 /* DailyBeatsV2 */;
			targetProxy = 24BE1AF22DC9445500ACE702 /* PBXContainerItemProxy */;
		};
		24BE1AFD2DC9445500ACE702 /* PBXTargetDependency */ = {
			isa = PBXTargetDependency;
			target = 24BE1AE02DC9445400ACE702 /* DailyBeatsV2 */;
			targetProxy = 24BE1AFC2DC9445500ACE702 /* PBXContainerItemProxy */;
		};
/* End PBXTargetDependency section */

/* Begin XCBuildConfiguration section */
		24BE1B032DC9445500ACE702 /* Debug */ = {
			isa = XCBuildConfiguration;
			buildSettings = {
				ALWAYS_SEARCH_USER_PATHS = NO;
				ASSETCATALOG_COMPILER_GENERATE_SWIFT_ASSET_SYMBOL_EXTENSIONS = YES;
				CLANG_ANALYZER_NONNULL = YES;
				CLANG_ANALYZER_NUMBER_OBJECT_CONVERSION = YES_AGGRESSIVE;
				CLANG_CXX_LANGUAGE_STANDARD = "gnu++20";
				CLANG_ENABLE_MODULES = YES;
				CLANG_ENABLE_OBJC_ARC = YES;
				CLANG_ENABLE_OBJC_WEAK = YES;
				CLANG_WARN_BLOCK_CAPTURE_AUTORELEASING = YES;
				CLANG_WARN_BOOL_CONVERSION = YES;
				CLANG_WARN_COMMA = YES;
				CLANG_WARN_CONSTANT_CONVERSION = YES;
				CLANG_WARN_DEPRECATED_OBJC_IMPLEMENTATIONS = YES;
				CLANG_WARN_DIRECT_OBJC_ISA_USAGE = YES_ERROR;
				CLANG_WARN_DOCUMENTATION_COMMENTS = YES;
				CLANG_WARN_EMPTY_BODY = YES;
				CLANG_WARN_ENUM_CONVERSION = YES;
				CLANG_WARN_INFINITE_RECURSION = YES;
				CLANG_WARN_INT_CONVERSION = YES;
				CLANG_WARN_NON_LITERAL_NULL_CONVERSION = YES;
				CLANG_WARN_OBJC_IMPLICIT_RETAIN_SELF = YES;
				CLANG_WARN_OBJC_LITERAL_CONVERSION = YES;
				CLANG_WARN_OBJC_ROOT_CLASS = YES_ERROR;
				CLANG_WARN_QUOTED_INCLUDE_IN_FRAMEWORK_HEADER = YES;
				CLANG_WARN_RANGE_LOOP_ANALYSIS = YES;
				CLANG_WARN_STRICT_PROTOTYPES = YES;
				CLANG_WARN_SUSPICIOUS_MOVE = YES;
				CLANG_WARN_UNGUARDED_AVAILABILITY = YES_AGGRESSIVE;
				CLANG_WARN_UNREACHABLE_CODE = YES;
				CLANG_WARN__DUPLICATE_METHOD_MATCH = YES;
				COPY_PHASE_STRIP = NO;
				DEBUG_INFORMATION_FORMAT = dwarf;
				ENABLE_STRICT_OBJC_MSGSEND = YES;
				ENABLE_TESTABILITY = YES;
				ENABLE_USER_SCRIPT_SANDBOXING = YES;
				GCC_C_LANGUAGE_STANDARD = gnu17;
				GCC_DYNAMIC_NO_PIC = NO;
				GCC_NO_COMMON_BLOCKS = YES;
				GCC_OPTIMIZATION_LEVEL = 0;
				GCC_PREPROCESSOR_DEFINITIONS = (
					"DEBUG=1",
					"$(inherited)",
				);
				GCC_WARN_64_TO_32_BIT_CONVERSION = YES;
				GCC_WARN_ABOUT_RETURN_TYPE = YES_ERROR;
				GCC_WARN_UNDECLARED_SELECTOR = YES;
				GCC_WARN_UNINITIALIZED_AUTOS = YES_AGGRESSIVE;
				GCC_WARN_UNUSED_FUNCTION = YES;
				GCC_WARN_UNUSED_VARIABLE = YES;
				IPHONEOS_DEPLOYMENT_TARGET = 18.2;
				LOCALIZATION_PREFERS_STRING_CATALOGS = YES;
				MTL_ENABLE_DEBUG_INFO = INCLUDE_SOURCE;
				MTL_FAST_MATH = YES;
				ONLY_ACTIVE_ARCH = YES;
				SDKROOT = iphoneos;
				SWIFT_ACTIVE_COMPILATION_CONDITIONS = "DEBUG $(inherited)";
				SWIFT_OPTIMIZATION_LEVEL = "-Onone";
			};
			name = Debug;
		};
		24BE1B042DC9445500ACE702 /* Release */ = {
			isa = XCBuildConfiguration;
			buildSettings = {
				ALWAYS_SEARCH_USER_PATHS = NO;
				ASSETCATALOG_COMPILER_GENERATE_SWIFT_ASSET_SYMBOL_EXTENSIONS = YES;
				CLANG_ANALYZER_NONNULL = YES;
				CLANG_ANALYZER_NUMBER_OBJECT_CONVERSION = YES_AGGRESSIVE;
				CLANG_CXX_LANGUAGE_STANDARD = "gnu++20";
				CLANG_ENABLE_MODULES = YES;
				CLANG_ENABLE_OBJC_ARC = YES;
				CLANG_ENABLE_OBJC_WEAK = YES;
				CLANG_WARN_BLOCK_CAPTURE_AUTORELEASING = YES;
				CLANG_WARN_BOOL_CONVERSION = YES;
				CLANG_WARN_COMMA = YES;
				CLANG_WARN_CONSTANT_CONVERSION = YES;
				CLANG_WARN_DEPRECATED_OBJC_IMPLEMENTATIONS = YES;
				CLANG_WARN_DIRECT_OBJC_ISA_USAGE = YES_ERROR;
				CLANG_WARN_DOCUMENTATION_COMMENTS = YES;
				CLANG_WARN_EMPTY_BODY = YES;
				CLANG_WARN_ENUM_CONVERSION = YES;
				CLANG_WARN_INFINITE_RECURSION = YES;
				CLANG_WARN_INT_CONVERSION = YES;
				CLANG_WARN_NON_LITERAL_NULL_CONVERSION = YES;
				CLANG_WARN_OBJC_IMPLICIT_RETAIN_SELF = YES;
				CLANG_WARN_OBJC_LITERAL_CONVERSION = YES;
				CLANG_WARN_OBJC_ROOT_CLASS = YES_ERROR;
				CLANG_WARN_QUOTED_INCLUDE_IN_FRAMEWORK_HEADER = YES;
				CLANG_WARN_RANGE_LOOP_ANALYSIS = YES;
				CLANG_WARN_STRICT_PROTOTYPES = YES;
				CLANG_WARN_SUSPICIOUS_MOVE = YES;
				CLANG_WARN_UNGUARDED_AVAILABILITY = YES_AGGRESSIVE;
				CLANG_WARN_UNREACHABLE_CODE = YES;
				CLANG_WARN__DUPLICATE_METHOD_MATCH = YES;
				COPY_PHASE_STRIP = NO;
				DEBUG_INFORMATION_FORMAT = "dwarf-with-dsym";
				ENABLE_NS_ASSERTIONS = NO;
				ENABLE_STRICT_OBJC_MSGSEND = YES;
				ENABLE_USER_SCRIPT_SANDBOXING = YES;
				GCC_C_LANGUAGE_STANDARD = gnu17;
				GCC_NO_COMMON_BLOCKS = YES;
				GCC_WARN_64_TO_32_BIT_CONVERSION = YES;
				GCC_WARN_ABOUT_RETURN_TYPE = YES_ERROR;
				GCC_WARN_UNDECLARED_SELECTOR = YES;
				GCC_WARN_UNINITIALIZED_AUTOS = YES_AGGRESSIVE;
				GCC_WARN_UNUSED_FUNCTION = YES;
				GCC_WARN_UNUSED_VARIABLE = YES;
				IPHONEOS_DEPLOYMENT_TARGET = 18.2;
				LOCALIZATION_PREFERS_STRING_CATALOGS = YES;
				MTL_ENABLE_DEBUG_INFO = NO;
				MTL_FAST_MATH = YES;
				SDKROOT = iphoneos;
				SWIFT_COMPILATION_MODE = wholemodule;
				VALIDATE_PRODUCT = YES;
			};
			name = Release;
		};
		24BE1B062DC9445500ACE702 /* Debug */ = {
			isa = XCBuildConfiguration;
			buildSettings = {
				ASSETCATALOG_COMPILER_APPICON_NAME = AppIcon;
				ASSETCATALOG_COMPILER_GLOBAL_ACCENT_COLOR_NAME = AccentColor;
				CODE_SIGN_STYLE = Automatic;
				CURRENT_PROJECT_VERSION = 1;
				DEVELOPMENT_ASSET_PATHS = "\"DailyBeatsV2/Preview Content\"";
				DEVELOPMENT_TEAM = C962P696JN;
				ENABLE_PREVIEWS = YES;
				GENERATE_INFOPLIST_FILE = YES;
				INFOPLIST_KEY_UIApplicationSceneManifest_Generation = YES;
				INFOPLIST_KEY_UIApplicationSupportsIndirectInputEvents = YES;
				INFOPLIST_KEY_UILaunchScreen_Generation = YES;
				INFOPLIST_KEY_UISupportedInterfaceOrientations_iPad = "UIInterfaceOrientationPortrait UIInterfaceOrientationPortraitUpsideDown UIInterfaceOrientationLandscapeLeft UIInterfaceOrientationLandscapeRight";
				INFOPLIST_KEY_UISupportedInterfaceOrientations_iPhone = "UIInterfaceOrientationPortrait UIInterfaceOrientationLandscapeLeft UIInterfaceOrientationLandscapeRight";
				LD_RUNPATH_SEARCH_PATHS = (
					"$(inherited)",
					"@executable_path/Frameworks",
				);
				MARKETING_VERSION = 1.0;
				PRODUCT_BUNDLE_IDENTIFIER = none.DailyBeatsV2;
				PRODUCT_NAME = "$(TARGET_NAME)";
				SWIFT_EMIT_LOC_STRINGS = YES;
				SWIFT_VERSION = 5.0;
				TARGETED_DEVICE_FAMILY = "1,2";
			};
			name = Debug;
		};
		24BE1B072DC9445500ACE702 /* Release */ = {
			isa = XCBuildConfiguration;
			buildSettings = {
				ASSETCATALOG_COMPILER_APPICON_NAME = AppIcon;
				ASSETCATALOG_COMPILER_GLOBAL_ACCENT_COLOR_NAME = AccentColor;
				CODE_SIGN_STYLE = Automatic;
				CURRENT_PROJECT_VERSION = 1;
				DEVELOPMENT_ASSET_PATHS = "\"DailyBeatsV2/Preview Content\"";
				DEVELOPMENT_TEAM = C962P696JN;
				ENABLE_PREVIEWS = YES;
				GENERATE_INFOPLIST_FILE = YES;
				INFOPLIST_KEY_UIApplicationSceneManifest_Generation = YES;
				INFOPLIST_KEY_UIApplicationSupportsIndirectInputEvents = YES;
				INFOPLIST_KEY_UILaunchScreen_Generation = YES;
				INFOPLIST_KEY_UISupportedInterfaceOrientations_iPad = "UIInterfaceOrientationPortrait UIInterfaceOrientationPortraitUpsideDown UIInterfaceOrientationLandscapeLeft UIInterfaceOrientationLandscapeRight";
				INFOPLIST_KEY_UISupportedInterfaceOrientations_iPhone = "UIInterfaceOrientationPortrait UIInterfaceOrientationLandscapeLeft UIInterfaceOrientationLandscapeRight";
				LD_RUNPATH_SEARCH_PATHS = (
					"$(inherited)",
					"@executable_path/Frameworks",
				);
				MARKETING_VERSION = 1.0;
				PRODUCT_BUNDLE_IDENTIFIER = none.DailyBeatsV2;
				PRODUCT_NAME = "$(TARGET_NAME)";
				SWIFT_EMIT_LOC_STRINGS = YES;
				SWIFT_VERSION = 5.0;
				TARGETED_DEVICE_FAMILY = "1,2";
			};
			name = Release;
		};
		24BE1B092DC9445500ACE702 /* Debug */ = {
			isa = XCBuildConfiguration;
			buildSettings = {
				BUNDLE_LOADER = "$(TEST_HOST)";
				CODE_SIGN_STYLE = Automatic;
				CURRENT_PROJECT_VERSION = 1;
				DEVELOPMENT_TEAM = C962P696JN;
				GENERATE_INFOPLIST_FILE = YES;
				IPHONEOS_DEPLOYMENT_TARGET = 18.2;
				MARKETING_VERSION = 1.0;
				PRODUCT_BUNDLE_IDENTIFIER = none.DailyBeatsV2Tests;
				PRODUCT_NAME = "$(TARGET_NAME)";
				SWIFT_EMIT_LOC_STRINGS = NO;
				SWIFT_VERSION = 5.0;
				TARGETED_DEVICE_FAMILY = "1,2";
				TEST_HOST = "$(BUILT_PRODUCTS_DIR)/DailyBeatsV2.app/$(BUNDLE_EXECUTABLE_FOLDER_PATH)/DailyBeatsV2";
			};
			name = Debug;
		};
		24BE1B0A2DC9445500ACE702 /* Release */ = {
			isa = XCBuildConfiguration;
			buildSettings = {
				BUNDLE_LOADER = "$(TEST_HOST)";
				CODE_SIGN_STYLE = Automatic;
				CURRENT_PROJECT_VERSION = 1;
				DEVELOPMENT_TEAM = C962P696JN;
				GENERATE_INFOPLIST_FILE = YES;
				IPHONEOS_DEPLOYMENT_TARGET = 18.2;
				MARKETING_VERSION = 1.0;
				PRODUCT_BUNDLE_IDENTIFIER = none.DailyBeatsV2Tests;
				PRODUCT_NAME = "$(TARGET_NAME)";
				SWIFT_EMIT_LOC_STRINGS = NO;
				SWIFT_VERSION = 5.0;
				TARGETED_DEVICE_FAMILY = "1,2";
				TEST_HOST = "$(BUILT_PRODUCTS_DIR)/DailyBeatsV2.app/$(BUNDLE_EXECUTABLE_FOLDER_PATH)/DailyBeatsV2";
			};
			name = Release;
		};
		24BE1B0C2DC9445500ACE702 /* Debug */ = {
			isa = XCBuildConfiguration;
			buildSettings = {
				CODE_SIGN_STYLE = Automatic;
				CURRENT_PROJECT_VERSION = 1;
				DEVELOPMENT_TEAM = C962P696JN;
				GENERATE_INFOPLIST_FILE = YES;
				MARKETING_VERSION = 1.0;
				PRODUCT_BUNDLE_IDENTIFIER = none.DailyBeatsV2UITests;
				PRODUCT_NAME = "$(TARGET_NAME)";
				SWIFT_EMIT_LOC_STRINGS = NO;
				SWIFT_VERSION = 5.0;
				TARGETED_DEVICE_FAMILY = "1,2";
				TEST_TARGET_NAME = DailyBeatsV2;
			};
			name = Debug;
		};
		24BE1B0D2DC9445500ACE702 /* Release */ = {
			isa = XCBuildConfiguration;
			buildSettings = {
				CODE_SIGN_STYLE = Automatic;
				CURRENT_PROJECT_VERSION = 1;
				DEVELOPMENT_TEAM = C962P696JN;
				GENERATE_INFOPLIST_FILE = YES;
				MARKETING_VERSION = 1.0;
				PRODUCT_BUNDLE_IDENTIFIER = none.DailyBeatsV2UITests;
				PRODUCT_NAME = "$(TARGET_NAME)";
				SWIFT_EMIT_LOC_STRINGS = NO;
				SWIFT_VERSION = 5.0;
				TARGETED_DEVICE_FAMILY = "1,2";
				TEST_TARGET_NAME = DailyBeatsV2;
			};
			name = Release;
		};
/* End XCBuildConfiguration section */

/* Begin XCConfigurationList section */
		24BE1ADC2DC9445400ACE702 /* Build configuration list for PBXProject "DailyBeatsV2" */ = {
			isa = XCConfigurationList;
			buildConfigurations = (
				24BE1B032DC9445500ACE702 /* Debug */,
				24BE1B042DC9445500ACE702 /* Release */,
			);
			defaultConfigurationIsVisible = 0;
			defaultConfigurationName = Release;
		};
		24BE1B052DC9445500ACE702 /* Build configuration list for PBXNativeTarget "DailyBeatsV2" */ = {
			isa = XCConfigurationList;
			buildConfigurations = (
				24BE1B062DC9445500ACE702 /* Debug */,
				24BE1B072DC9445500ACE702 /* Release */,
			);
			defaultConfigurationIsVisible = 0;
			defaultConfigurationName = Release;
		};
		24BE1B082DC9445500ACE702 /* Build configuration list for PBXNativeTarget "DailyBeatsV2Tests" */ = {
			isa = XCConfigurationList;
			buildConfigurations = (
				24BE1B092DC9445500ACE702 /* Debug */,
				24BE1B0A2DC9445500ACE702 /* Release */,
			);
			defaultConfigurationIsVisible = 0;
			defaultConfigurationName = Release;
		};
		24BE1B0B2DC9445500ACE702 /* Build configuration list for PBXNativeTarget "DailyBeatsV2UITests" */ = {
			isa = XCConfigurationList;
			buildConfigurations = (
				24BE1B0C2DC9445500ACE702 /* Debug */,
				24BE1B0D2DC9445500ACE702 /* Release */,
			);
			defaultConfigurationIsVisible = 0;
			defaultConfigurationName = Release;
		};
/* End XCConfigurationList section */
	};
	rootObject = 24BE1AD92DC9445400ACE702 /* Project object */;
}
